{
  "version": 4,
  "terraform_version": "1.12.2",
  "serial": 14,
  "lineage": "97433209-51ca-be34-541b-b1019ee0b622",
  "outputs": {},
  "resources": [
    {
      "mode": "managed",
      "type": "proxmox_virtual_environment_vm",
      "name": "nixos",
      "provider": "provider[\"registry.terraform.io/bpg/proxmox\"]",
      "instances": [
        {
          "schema_version": 0,
          "attributes": {
            "acpi": true,
            "agent": [
              {
                "enabled": true,
                "timeout": "15m",
                "trim": false,
                "type": "virtio"
              }
            ],
            "amd_sev": [],
            "audio_device": [],
            "bios": "ovmf",
            "boot_order": null,
            "cdrom": [],
            "clone": [
              {
                "datastore_id": "",
                "full": true,
                "node_name": "",
                "retries": 1,
                "vm_id": 901
              }
            ],
            "cpu": [],
            "description": null,
            "disk": [],
            "efi_disk": [],
            "hook_script_file_id": null,
            "hostpci": [],
            "id": "500",
            "initialization": [],
            "ipv4_addresses": null,
            "ipv6_addresses": null,
            "keyboard_layout": "en-us",
            "kvm_arguments": null,
            "mac_addresses": null,
            "machine": "q35",
            "memory": [
              {
                "dedicated": 8048,
                "floating": 0,
                "hugepages": "",
                "keep_hugepages": false,
                "shared": 0
              }
            ],
            "migrate": false,
            "name": "terraformTest",
            "network_device": null,
            "network_interface_names": null,
            "node_name": "vengeance",
            "numa": [],
            "on_boot": true,
            "operating_system": [],
            "pool_id": null,
            "protection": false,
            "reboot": false,
            "reboot_after_update": true,
            "rng": [],
            "scsi_hardware": "virtio-scsi-pci",
            "serial_device": [],
            "smbios": [],
            "started": true,
            "startup": [],
            "stop_on_destroy": false,
            "tablet_device": true,
            "tags": null,
            "template": false,
            "timeout_clone": 1800,
            "timeout_create": 1800,
            "timeout_migrate": 1800,
            "timeout_move_disk": 1800,
            "timeout_reboot": 1800,
            "timeout_shutdown_vm": 1800,
            "timeout_start_vm": 1800,
            "timeout_stop_vm": 300,
            "tpm_state": [],
            "usb": [],
            "vga": [
              {
                "clipboard": "",
                "memory": 512,
                "type": "virtio-gl"
              }
            ],
            "virtiofs": [],
            "vm_id": 500,
            "watchdog": []
          },
          "sensitive_attributes": [],
          "identity_schema_version": 0,
          "private": "bnVsbA=="
        }
      ]
    },
    {
      "module": "module.deploy.module.install",
      "mode": "managed",
      "type": "null_resource",
      "name": "nixos-remote",
      "provider": "provider[\"registry.terraform.io/hashicorp/null\"]",
      "instances": [
        {
          "schema_version": 0,
          "attributes": {
            "id": "3081858245516951022",
            "triggers": {
              "instance_id": "192.168.2.20"
            }
          },
          "sensitive_attributes": [],
          "identity_schema_version": 0,
          "dependencies": [
            "module.deploy.module.partitioner-build.data.external.nix-build",
            "module.deploy.module.system-build.data.external.nix-build",
            "proxmox_virtual_environment_vm.nixos"
          ]
        }
      ]
    },
    {
      "module": "module.deploy.module.nixos-rebuild[0]",
      "mode": "managed",
      "type": "null_resource",
      "name": "nixos-rebuild",
      "provider": "provider[\"registry.terraform.io/hashicorp/null\"]",
      "instances": [
        {
          "status": "tainted",
          "schema_version": 0,
          "attributes": {
            "id": "2955625355323228673",
            "triggers": {
              "store_path": "/nix/store/pbv7l432kw1bk5ggbqi54af862yspqb9-nixos-system-invincible-25.11.20250803.5b09dc4"
            }
          },
          "sensitive_attributes": [],
          "identity_schema_version": 0,
          "dependencies": [
            "module.deploy.module.install.null_resource.nixos-remote",
            "module.deploy.module.partitioner-build.data.external.nix-build",
            "module.deploy.module.system-build.data.external.nix-build",
            "proxmox_virtual_environment_vm.nixos"
          ]
        }
      ]
    },
    {
      "module": "module.deploy.module.partitioner-build",
      "mode": "data",
      "type": "external",
      "name": "nix-build",
      "provider": "provider[\"registry.terraform.io/hashicorp/external\"]",
      "instances": [
        {
          "schema_version": 0,
          "attributes": {
            "id": "-",
            "program": [
              ".terraform/modules/deploy/terraform/nix-build/nix-build.sh"
            ],
            "query": {
              "attribute": ".#nixosConfigurations.invincible.config.system.build.diskoScript",
              "debug_logging": "false",
              "file": null,
              "nix_options": "{\"options\":{}}",
              "special_args": "{}"
            },
            "result": {
              "out": "/nix/store/f45lvm3l2by5y18b1vihbgffblnp23fa-disko"
            },
            "working_dir": null
          },
          "sensitive_attributes": [],
          "identity_schema_version": 0
        }
      ]
    },
    {
      "module": "module.deploy.module.system-build",
      "mode": "data",
      "type": "external",
      "name": "nix-build",
      "provider": "provider[\"registry.terraform.io/hashicorp/external\"]",
      "instances": [
        {
          "schema_version": 0,
          "attributes": {
            "id": "-",
            "program": [
              ".terraform/modules/deploy/terraform/nix-build/nix-build.sh"
            ],
            "query": {
              "attribute": ".#nixosConfigurations.invincible.config.system.build.toplevel",
              "debug_logging": "false",
              "file": null,
              "nix_options": "{\"options\":{}}",
              "special_args": "{}"
            },
            "result": {
              "out": "/nix/store/pbv7l432kw1bk5ggbqi54af862yspqb9-nixos-system-invincible-25.11.20250803.5b09dc4"
            },
            "working_dir": null
          },
          "sensitive_attributes": [],
          "identity_schema_version": 0
        }
      ]
    }
  ],
  "check_results": null
}
